{
    "_readme": [
        "This file locks the dependencies of your project to a known state",
        "Read more about it at https://getcomposer.org/doc/01-basic-usage.md#composer-lock-the-lock-file",
        "This file is @generated automatically"
    ],
    "hash": "ff6e26cf4f0727d279139f0470d8a154",
    "content-hash": "3dfb76c8ce11280fd3c7b817e229e5d3",
    "packages": [
        {
            "name": "akeneo-labs/spreadsheet-parser",
            "version": "v1.2.0",
            "source": {
                "type": "git",
                "url": "https://github.com/akeneo-labs/spreadsheet-parser.git",
                "reference": "dfdaa804203914c5ec4c24da7641a56cb9c514df"
            },
            "dist": {
                "type": "zip",
                "url": "https://api.github.com/repos/akeneo-labs/spreadsheet-parser/zipball/dfdaa804203914c5ec4c24da7641a56cb9c514df",
                "reference": "dfdaa804203914c5ec4c24da7641a56cb9c514df",
                "shasum": ""
            },
            "require": {
                "php": ">=5.4.0",
                "symfony/options-resolver": "~2.6 || ~3.0"
            },
            "require-dev": {
                "phpspec/phpspec": "~2.0"
            },
            "type": "library",
            "extra": {
                "branch-alias": {
                    "dev-master": "1.1.x-dev"
                }
            },
            "autoload": {
                "psr-4": {
                    "Akeneo\\Component\\SpreadsheetParser\\": "src"
                }
            },
            "notification-url": "https://packagist.org/downloads/",
            "license": [
                "OSL-3.0"
            ],
            "authors": [
                {
                    "name": "Antoine Guigan",
                    "email": "antoine@akeneo.com",
                    "homepage": "http://akeneo.com"
                },
                {
                    "name": "Matthieu Viel",
                    "email": "matthieu.viel@akeneo.com",
                    "homepage": "http://akeneo.com"
                },
                {
                    "name": "JM Leroux",
                    "email": "jean-marie.leroux@akeneo.com"
                }
            ],
            "description": "Akeneo Spreadsheet parser. Reads XLXS files from Microsoft Excel and Open Office",
            "homepage": "http://akeneo.com",
            "keywords": [
                "akeneo",
                "excel",
                "parser",
                "reader",
                "spreadsheet",
                "xlsx"
            ],
            "time": "2016-03-25 12:51:06"
        },
        {
            "name": "google/apiclient",
            "version": "1.1.7",
            "source": {
                "type": "git",
                "url": "https://github.com/google/google-api-php-client.git",
                "reference": "400f250a30ae1dd4c4a0a4f750fe973fc70e6311"
            },
            "dist": {
                "type": "zip",
                "url": "https://api.github.com/repos/google/google-api-php-client/zipball/400f250a30ae1dd4c4a0a4f750fe973fc70e6311",
                "reference": "400f250a30ae1dd4c4a0a4f750fe973fc70e6311",
                "shasum": ""
            },
            "require": {
                "php": ">=5.2.1"
            },
            "require-dev": {
                "phpunit/phpunit": "3.7.*",
                "squizlabs/php_codesniffer": "~2.3"
            },
            "type": "library",
            "extra": {
                "branch-alias": {
                    "dev-master": "1.1.x-dev"
                }
            },
            "autoload": {
                "classmap": [
                    "src/"
                ]
            },
            "notification-url": "https://packagist.org/downloads/",
            "license": [
                "Apache-2.0"
            ],
            "description": "Client library for Google APIs",
            "homepage": "http://developers.google.com/api-client-library/php",
            "keywords": [
                "google"
            ],
            "time": "2016-02-02 18:50:42"
        },
        {
            "name": "phpoffice/phpexcel",
            "version": "1.8.1",
            "source": {
                "type": "git",
                "url": "https://github.com/PHPOffice/PHPExcel.git",
                "reference": "372c7cbb695a6f6f1e62649381aeaa37e7e70b32"
            },
            "dist": {
                "type": "zip",
                "url": "https://api.github.com/repos/PHPOffice/PHPExcel/zipball/372c7cbb695a6f6f1e62649381aeaa37e7e70b32",
                "reference": "372c7cbb695a6f6f1e62649381aeaa37e7e70b32",
                "shasum": ""
            },
            "require": {
                "ext-xml": "*",
                "ext-xmlwriter": "*",
                "php": ">=5.2.0"
            },
            "type": "library",
            "autoload": {
                "psr-0": {
                    "PHPExcel": "Classes/"
                }
            },
            "notification-url": "https://packagist.org/downloads/",
            "license": [
                "LGPL"
            ],
            "authors": [
                {
                    "name": "Maarten Balliauw",
                    "homepage": "http://blog.maartenballiauw.be"
                },
                {
                    "name": "Mark Baker"
                },
                {
                    "name": "Franck Lefevre",
                    "homepage": "http://blog.rootslabs.net"
                },
                {
                    "name": "Erik Tilt"
                }
            ],
            "description": "PHPExcel - OpenXML - Read, Create and Write Spreadsheet documents in PHP - Spreadsheet engine",
            "homepage": "http://phpexcel.codeplex.com",
            "keywords": [
                "OpenXML",
                "excel",
                "php",
                "spreadsheet",
                "xls",
                "xlsx"
            ],
            "time": "2015-05-01 07:00:55"
        },
        {
            "name": "symfony/options-resolver",
            "version": "v3.0.4",
            "source": {
                "type": "git",
                "url": "https://github.com/symfony/options-resolver.git",
                "reference": "9a05ccd013e9089c3503d740503fb9357c8c341c"
            },
            "dist": {
                "type": "zip",
                "url": "https://api.github.com/repos/symfony/options-resolver/zipball/9a05ccd013e9089c3503d740503fb9357c8c341c",
                "reference": "9a05ccd013e9089c3503d740503fb9357c8c341c",
                "shasum": ""
            },
            "require": {
                "php": ">=5.5.9"
            },
            "type": "library",
            "extra": {
                "branch-alias": {
                    "dev-master": "3.0-dev"
                }
            },
            "autoload": {
                "psr-4": {
                    "Symfony\\Component\\OptionsResolver\\": ""
                },
                "exclude-from-classmap": [
                    "/Tests/"
                ]
            },
            "notification-url": "https://packagist.org/downloads/",
            "license": [
                "MIT"
            ],
            "authors": [
                {
                    "name": "Fabien Potencier",
                    "email": "fabien@symfony.com"
                },
                {
                    "name": "Symfony Community",
                    "homepage": "https://symfony.com/contributors"
                }
            ],
            "description": "Symfony OptionsResolver Component",
            "homepage": "https://symfony.com",
            "keywords": [
                "config",
                "configuration",
                "options"
            ],
            "time": "2016-03-04 07:55:57"
        }
    ],
    "packages-dev": [],
    "aliases": [],
    "minimum-stability": "stable",
    "stability-flags": [],
    "prefer-stable": false,
    "prefer-lowest": false,
    "platform": [],
    "platform-dev": []
}
